
Microsoft Visual Studio Solution File, Format Version 12.00
# Visual Studio Version 17
VisualStudioVersion = 17.7.33711.374
MinimumVisualStudioVersion = 10.0.40219.1
Project("{9A19103F-16F7-4668-BE54-9A1E7A4F7556}") = "ClaimBasedAuthorizationDemo", "ClaimBasedAuthorizationDemo\ClaimBasedAuthorizationDemo.csproj", "{43A0968D-8A7C-489F-82D6-B88FA1DBEC57}"
EndProject
Project("{FAE04EC0-301F-11D3-BF4B-00C04F79EFBC}") = "ClaimBasedAuthorizationDemo.IntegrationTests", "ClaimBasedAuthorizationDemo.IntegrationTests\ClaimBasedAuthorizationDemo.IntegrationTests.csproj", "{0C66D62E-F1A4-49DB-BF4F-CC12FD74EA10}"
EndProject
Global
	GlobalSection(SolutionConfigurationPlatforms) = preSolution
		Debug|Any CPU = Debug|Any CPU
		Release|Any CPU = Release|Any CPU
	EndGlobalSection
	GlobalSection(ProjectConfigurationPlatforms) = postSolution
		{43A0968D-8A7C-489F-82D6-B88FA1DBEC57}.Debug|Any CPU.ActiveCfg = Debug|Any CPU
		{43A0968D-8A7C-489F-82D6-B88FA1DBEC57}.Debug|Any CPU.Build.0 = Debug|Any CPU
		{43A0968D-8A7C-489F-82D6-B88FA1DBEC57}.Release|Any CPU.ActiveCfg = Release|Any CPU
		{43A0968D-8A7C-489F-82D6-B88FA1DBEC57}.Release|Any CPU.Build.0 = Release|Any CPU
		{0C66D62E-F1A4-49DB-BF4F-CC12FD74EA10}.Debug|Any CPU.ActiveCfg = Debug|Any CPU
		{0C66D62E-F1A4-49DB-BF4F-CC12FD74EA10}.Debug|Any CPU.Build.0 = Debug|Any CPU
		{0C66D62E-F1A4-49DB-BF4F-CC12FD74EA10}.Release|Any CPU.ActiveCfg = Release|Any CPU
		{0C66D62E-F1A4-49DB-BF4F-CC12FD74EA10}.Release|Any CPU.Build.0 = Release|Any CPU
	EndGlobalSection
	GlobalSection(SolutionProperties) = preSolution
		HideSolutionNode = FALSE
	EndGlobalSection
	GlobalSection(ExtensibilityGlobals) = postSolution
		SolutionGuid = {3DADCCC9-D36C-47C0-B237-A2388B2B9739}
	EndGlobalSection
EndGlobal
