
Microsoft Visual Studio Solution File, Format Version 12.00
# Visual Studio Version 17
VisualStudioVersion = 17.0.31903.59
MinimumVisualStudioVersion = 10.0.40219.1
Project("{FAE04EC0-301F-11D3-BF4B-00C04F79EFBC}") = "GrpcDemo", "GrpcDemo\GrpcDemo.csproj", "{2945BA43-E5A1-4311-B457-22786EE8F129}"
EndProject
Project("{FAE04EC0-301F-11D3-BF4B-00C04F79EFBC}") = "GrpcDemo.Client", "GrpcDemo.Client\GrpcDemo.Client.csproj", "{8540B39C-98FD-4E47-9A6B-4360AA451A74}"
EndProject
Project("{FAE04EC0-301F-11D3-BF4B-00C04F79EFBC}") = "GrpcDemo.Api", "GrpcDemo.Api\GrpcDemo.Api.csproj", "{2BE75FF2-01AB-4F7C-96A1-4F3D6C1C0C32}"
EndProject
Global
	GlobalSection(SolutionConfigurationPlatforms) = preSolution
		Debug|Any CPU = Debug|Any CPU
		Release|Any CPU = Release|Any CPU
	EndGlobalSection
	GlobalSection(SolutionProperties) = preSolution
		HideSolutionNode = FALSE
	EndGlobalSection
	GlobalSection(ProjectConfigurationPlatforms) = postSolution
		{2945BA43-E5A1-4311-B457-22786EE8F129}.Debug|Any CPU.ActiveCfg = Debug|Any CPU
		{2945BA43-E5A1-4311-B457-22786EE8F129}.Debug|Any CPU.Build.0 = Debug|Any CPU
		{2945BA43-E5A1-4311-B457-22786EE8F129}.Release|Any CPU.ActiveCfg = Release|Any CPU
		{2945BA43-E5A1-4311-B457-22786EE8F129}.Release|Any CPU.Build.0 = Release|Any CPU
		{8540B39C-98FD-4E47-9A6B-4360AA451A74}.Debug|Any CPU.ActiveCfg = Debug|Any CPU
		{8540B39C-98FD-4E47-9A6B-4360AA451A74}.Debug|Any CPU.Build.0 = Debug|Any CPU
		{8540B39C-98FD-4E47-9A6B-4360AA451A74}.Release|Any CPU.ActiveCfg = Release|Any CPU
		{8540B39C-98FD-4E47-9A6B-4360AA451A74}.Release|Any CPU.Build.0 = Release|Any CPU
		{2BE75FF2-01AB-4F7C-96A1-4F3D6C1C0C32}.Debug|Any CPU.ActiveCfg = Debug|Any CPU
		{2BE75FF2-01AB-4F7C-96A1-4F3D6C1C0C32}.Debug|Any CPU.Build.0 = Debug|Any CPU
		{2BE75FF2-01AB-4F7C-96A1-4F3D6C1C0C32}.Release|Any CPU.ActiveCfg = Release|Any CPU
		{2BE75FF2-01AB-4F7C-96A1-4F3D6C1C0C32}.Release|Any CPU.Build.0 = Release|Any CPU
	EndGlobalSection
EndGlobal
