
Microsoft Visual Studio Solution File, Format Version 12.00
# Visual Studio Version 17
VisualStudioVersion = 17.6.33606.364
MinimumVisualStudioVersion = 10.0.40219.1
Project("{9A19103F-16F7-4668-BE54-9A1E7A4F7556}") = "InvoiceApp.WebApi", "InvoiceApp.WebApi\InvoiceApp.WebApi.csproj", "{D036EB4E-98FA-4413-90AA-937717927AFF}"
EndProject
Project("{9A19103F-16F7-4668-BE54-9A1E7A4F7556}") = "InvoiceApp.UnitTests", "InvoiceApp.UnitTests\InvoiceApp.UnitTests.csproj", "{CCBB80AE-463B-4B56-BC3E-ADE8218D7C8F}"
EndProject
Project("{FAE04EC0-301F-11D3-BF4B-00C04F79EFBC}") = "InvoiceApp.IntegrationTests", "InvoiceApp.IntegrationTests\InvoiceApp.IntegrationTests.csproj", "{32B5B9E5-6534-4096-B0E8-C299FC581005}"
EndProject
Global
	GlobalSection(SolutionConfigurationPlatforms) = preSolution
		Debug|Any CPU = Debug|Any CPU
		Release|Any CPU = Release|Any CPU
	EndGlobalSection
	GlobalSection(ProjectConfigurationPlatforms) = postSolution
		{D036EB4E-98FA-4413-90AA-937717927AFF}.Debug|Any CPU.ActiveCfg = Debug|Any CPU
		{D036EB4E-98FA-4413-90AA-937717927AFF}.Debug|Any CPU.Build.0 = Debug|Any CPU
		{D036EB4E-98FA-4413-90AA-937717927AFF}.Release|Any CPU.ActiveCfg = Release|Any CPU
		{D036EB4E-98FA-4413-90AA-937717927AFF}.Release|Any CPU.Build.0 = Release|Any CPU
		{CCBB80AE-463B-4B56-BC3E-ADE8218D7C8F}.Debug|Any CPU.ActiveCfg = Debug|Any CPU
		{CCBB80AE-463B-4B56-BC3E-ADE8218D7C8F}.Debug|Any CPU.Build.0 = Debug|Any CPU
		{CCBB80AE-463B-4B56-BC3E-ADE8218D7C8F}.Release|Any CPU.ActiveCfg = Release|Any CPU
		{CCBB80AE-463B-4B56-BC3E-ADE8218D7C8F}.Release|Any CPU.Build.0 = Release|Any CPU
		{32B5B9E5-6534-4096-B0E8-C299FC581005}.Debug|Any CPU.ActiveCfg = Debug|Any CPU
		{32B5B9E5-6534-4096-B0E8-C299FC581005}.Debug|Any CPU.Build.0 = Debug|Any CPU
		{32B5B9E5-6534-4096-B0E8-C299FC581005}.Release|Any CPU.ActiveCfg = Release|Any CPU
		{32B5B9E5-6534-4096-B0E8-C299FC581005}.Release|Any CPU.Build.0 = Release|Any CPU
	EndGlobalSection
	GlobalSection(SolutionProperties) = preSolution
		HideSolutionNode = FALSE
	EndGlobalSection
	GlobalSection(ExtensibilityGlobals) = postSolution
		SolutionGuid = {EC054FAC-E01A-4A9C-A162-D8A3B46AD3B5}
	EndGlobalSection
EndGlobal
