
Microsoft Visual Studio Solution File, Format Version 12.00
# Visual Studio Version 17
VisualStudioVersion = 17.5.002.0
MinimumVisualStudioVersion = 10.0.40219.1
Project("{9A19103F-16F7-4668-BE54-9A1E7A4F7556}") = "RoleBasedAuthorizationDemo", "RoleBasedAuthorizationDemo.csproj", "{171C29C3-2689-4F23-A91C-E8DD10213A7B}"
EndProject
Global
	GlobalSection(SolutionConfigurationPlatforms) = preSolution
		Debug|Any CPU = Debug|Any CPU
		Release|Any CPU = Release|Any CPU
	EndGlobalSection
	GlobalSection(ProjectConfigurationPlatforms) = postSolution
		{171C29C3-2689-4F23-A91C-E8DD10213A7B}.Debug|Any CPU.ActiveCfg = Debug|Any CPU
		{171C29C3-2689-4F23-A91C-E8DD10213A7B}.Debug|Any CPU.Build.0 = Debug|Any CPU
		{171C29C3-2689-4F23-A91C-E8DD10213A7B}.Release|Any CPU.ActiveCfg = Release|Any CPU
		{171C29C3-2689-4F23-A91C-E8DD10213A7B}.Release|Any CPU.Build.0 = Release|Any CPU
	EndGlobalSection
	GlobalSection(SolutionProperties) = preSolution
		HideSolutionNode = FALSE
	EndGlobalSection
	GlobalSection(ExtensibilityGlobals) = postSolution
		SolutionGuid = {87F7A5E3-BCF7-4D89-995E-4C39D7A1B7EF}
	EndGlobalSection
EndGlobal
