
Microsoft Visual Studio Solution File, Format Version 12.00
# Visual Studio Version 17
VisualStudioVersion = 17.5.002.0
MinimumVisualStudioVersion = 10.0.40219.1
Project("{9A19103F-16F7-4668-BE54-9A1E7A4F7556}") = "SchoolManagement", "SchoolManagement.csproj", "{A6DFF021-98E6-49A4-B766-6FA930810E02}"
EndProject
Global
	GlobalSection(SolutionConfigurationPlatforms) = preSolution
		Debug|Any CPU = Debug|Any CPU
		Release|Any CPU = Release|Any CPU
	EndGlobalSection
	GlobalSection(ProjectConfigurationPlatforms) = postSolution
		{A6DFF021-98E6-49A4-B766-6FA930810E02}.Debug|Any CPU.ActiveCfg = Debug|Any CPU
		{A6DFF021-98E6-49A4-B766-6FA930810E02}.Debug|Any CPU.Build.0 = Debug|Any CPU
		{A6DFF021-98E6-49A4-B766-6FA930810E02}.Release|Any CPU.ActiveCfg = Release|Any CPU
		{A6DFF021-98E6-49A4-B766-6FA930810E02}.Release|Any CPU.Build.0 = Release|Any CPU
	EndGlobalSection
	GlobalSection(SolutionProperties) = preSolution
		HideSolutionNode = FALSE
	EndGlobalSection
	GlobalSection(ExtensibilityGlobals) = postSolution
		SolutionGuid = {ABCBB80B-CCE1-4EBF-B1BD-5C52FD197B09}
	EndGlobalSection
EndGlobal
