
Microsoft Visual Studio Solution File, Format Version 12.00
# Visual Studio Version 17
VisualStudioVersion = 17.5.002.0
MinimumVisualStudioVersion = 10.0.40219.1
Project("{9A19103F-16F7-4668-BE54-9A1E7A4F7556}") = "ConcurrencyConflictDemo", "ConcurrencyConflictDemo.csproj", "{116E0A5E-0EB6-4A1F-9282-7DB4A4BB38D7}"
EndProject
Global
	GlobalSection(SolutionConfigurationPlatforms) = preSolution
		Debug|Any CPU = Debug|Any CPU
		Release|Any CPU = Release|Any CPU
	EndGlobalSection
	GlobalSection(ProjectConfigurationPlatforms) = postSolution
		{116E0A5E-0EB6-4A1F-9282-7DB4A4BB38D7}.Debug|Any CPU.ActiveCfg = Debug|Any CPU
		{116E0A5E-0EB6-4A1F-9282-7DB4A4BB38D7}.Debug|Any CPU.Build.0 = Debug|Any CPU
		{116E0A5E-0EB6-4A1F-9282-7DB4A4BB38D7}.Release|Any CPU.ActiveCfg = Release|Any CPU
		{116E0A5E-0EB6-4A1F-9282-7DB4A4BB38D7}.Release|Any CPU.Build.0 = Release|Any CPU
	EndGlobalSection
	GlobalSection(SolutionProperties) = preSolution
		HideSolutionNode = FALSE
	EndGlobalSection
	GlobalSection(ExtensibilityGlobals) = postSolution
		SolutionGuid = {B53A1AF1-4312-43D4-A897-F820587118AA}
	EndGlobalSection
EndGlobal
