
Microsoft Visual Studio Solution File, Format Version 12.00
# Visual Studio Version 17
VisualStudioVersion = 17.5.002.0
MinimumVisualStudioVersion = 10.0.40219.1
Project("{9A19103F-16F7-4668-BE54-9A1E7A4F7556}") = "AuthenticationDemo", "AuthenticationDemo.csproj", "{8E381EA1-9014-4C4B-824B-23D30C531E0E}"
EndProject
Global
	GlobalSection(SolutionConfigurationPlatforms) = preSolution
		Debug|Any CPU = Debug|Any CPU
		Release|Any CPU = Release|Any CPU
	EndGlobalSection
	GlobalSection(ProjectConfigurationPlatforms) = postSolution
		{8E381EA1-9014-4C4B-824B-23D30C531E0E}.Debug|Any CPU.ActiveCfg = Debug|Any CPU
		{8E381EA1-9014-4C4B-824B-23D30C531E0E}.Debug|Any CPU.Build.0 = Debug|Any CPU
		{8E381EA1-9014-4C4B-824B-23D30C531E0E}.Release|Any CPU.ActiveCfg = Release|Any CPU
		{8E381EA1-9014-4C4B-824B-23D30C531E0E}.Release|Any CPU.Build.0 = Release|Any CPU
	EndGlobalSection
	GlobalSection(SolutionProperties) = preSolution
		HideSolutionNode = FALSE
	EndGlobalSection
	GlobalSection(ExtensibilityGlobals) = postSolution
		SolutionGuid = {4D51B418-8A71-40C0-A41B-13A1EDC3BE89}
	EndGlobalSection
EndGlobal
