
Microsoft Visual Studio Solution File, Format Version 12.00
# Visual Studio Version 17
VisualStudioVersion = 17.5.002.0
MinimumVisualStudioVersion = 10.0.40219.1
Project("{9A19103F-16F7-4668-BE54-9A1E7A4F7556}") = "LoggingDemo", "LoggingDemo.csproj", "{B1A881E6-1B29-4B57-A4BB-5EC9084D19FB}"
EndProject
Global
	GlobalSection(SolutionConfigurationPlatforms) = preSolution
		Debug|Any CPU = Debug|Any CPU
		Release|Any CPU = Release|Any CPU
	EndGlobalSection
	GlobalSection(ProjectConfigurationPlatforms) = postSolution
		{B1A881E6-1B29-4B57-A4BB-5EC9084D19FB}.Debug|Any CPU.ActiveCfg = Debug|Any CPU
		{B1A881E6-1B29-4B57-A4BB-5EC9084D19FB}.Debug|Any CPU.Build.0 = Debug|Any CPU
		{B1A881E6-1B29-4B57-A4BB-5EC9084D19FB}.Release|Any CPU.ActiveCfg = Release|Any CPU
		{B1A881E6-1B29-4B57-A4BB-5EC9084D19FB}.Release|Any CPU.Build.0 = Release|Any CPU
	EndGlobalSection
	GlobalSection(SolutionProperties) = preSolution
		HideSolutionNode = FALSE
	EndGlobalSection
	GlobalSection(ExtensibilityGlobals) = postSolution
		SolutionGuid = {F721ED95-BD0C-419C-80B6-D2D858A65957}
	EndGlobalSection
EndGlobal
